dependencies:
- name: cert-manager
  repository: https://charts.jetstack.io
  version: v1.19.1
- name: akri
  repository: https://project-akri.github.io/akri
  version: 0.13.8
- name: homeassistant
  repository: file://./charts/homeassistant
  version: 0.1.0
- name: mosquitto
  repository: file://./charts/mosquitto
  version: 0.1.0
- name: zigbee2mqtt
  repository: file://./charts/zigbee2mqtt
  version: 0.1.0
digest: sha256:5287bef322e6a066f6ce43b22a1e8618f6227426fa17c38b9769472056ee8eae
generated: "2025-11-03T19:12:43.3560577-08:00"
